{
	"name": "housing-minecraft",
	"version": "1.0.0",
	"lockfileVersion": 3,
	"requires": true,
	"packages": {
		"": {
			"name": "housing-minecraft",
			"version": "1.0.0",
			"license": "ISC",
			"dependencies": {
				"prismarine-nbt": "^2.5.0",
				"three": "^0.165.0",
				"troika-three-text": "^0.49.1"
			},
			"devDependencies": {
				"@types/node": "^22.7.4",
				"@types/three": "^0.165.0",
				"prettier": "3.3.1",
				"typescript": "^5.4.5"
			}
		},
		"node_modules/@tweenjs/tween.js": {
			"version": "23.1.2",
			"resolved": "https://registry.npmjs.org/@tweenjs/tween.js/-/tween.js-23.1.2.tgz",
			"integrity": "sha512-kMCNaZCJugWI86xiEHaY338CU5JpD0B97p1j1IKNn/Zto8PgACjQx0UxbHjmOcLl/dDOBnItwD07KmCs75pxtQ==",
			"dev": true
		},
		"node_modules/@types/node": {
			"version": "22.7.4",
			"resolved": "https://registry.npmjs.org/@types/node/-/node-22.7.4.tgz",
			"integrity": "sha512-y+NPi1rFzDs1NdQHHToqeiX2TIS79SWEAw9GYhkkx8bD0ChpfqC+n2j5OXOCpzfojBEBt6DnEnnG9MY0zk1XLg==",
			"dev": true,
			"license": "MIT",
			"dependencies": {
				"undici-types": "~6.19.2"
			}
		},
		"node_modules/@types/stats.js": {
			"version": "0.17.3",
			"resolved": "https://registry.npmjs.org/@types/stats.js/-/stats.js-0.17.3.tgz",
			"integrity": "sha512-pXNfAD3KHOdif9EQXZ9deK82HVNaXP5ZIF5RP2QG6OQFNTaY2YIetfrE9t528vEreGQvEPRDDc8muaoYeK0SxQ==",
			"dev": true
		},
		"node_modules/@types/three": {
			"version": "0.165.0",
			"resolved": "https://registry.npmjs.org/@types/three/-/three-0.165.0.tgz",
			"integrity": "sha512-AJK8JZAFNBF0kBXiAIl5pggYlzAGGA8geVYQXAcPCEDRbyA+oEjkpUBcJJrtNz6IiALwzGexFJGZG2yV3WsYBw==",
			"dev": true,
			"license": "MIT",
			"dependencies": {
				"@tweenjs/tween.js": "~23.1.1",
				"@types/stats.js": "*",
				"@types/webxr": "*",
				"fflate": "~0.8.2",
				"meshoptimizer": "~0.18.1"
			}
		},
		"node_modules/@types/webxr": {
			"version": "0.5.16",
			"resolved": "https://registry.npmjs.org/@types/webxr/-/webxr-0.5.16.tgz",
			"integrity": "sha512-0E0Cl84FECtzrB4qG19TNTqpunw0F1YF0QZZnFMF6pDw1kNKJtrlTKlVB34stGIsHbZsYQ7H0tNjPfZftkHHoA==",
			"dev": true
		},
		"node_modules/ajv": {
			"version": "6.12.6",
			"resolved": "https://registry.npmjs.org/ajv/-/ajv-6.12.6.tgz",
			"integrity": "sha512-j3fVLgvTo527anyYyJOGTYJbG+vnnQYvE0m5mmkc1TK+nxAppkCLMIL0aZ4dblVCNoGShhm+kzE4ZUykBoMg4g==",
			"license": "MIT",
			"dependencies": {
				"fast-deep-equal": "^3.1.1",
				"fast-json-stable-stringify": "^2.0.0",
				"json-schema-traverse": "^0.4.1",
				"uri-js": "^4.2.2"
			},
			"funding": {
				"type": "github",
				"url": "https://github.com/sponsors/epoberezkin"
			}
		},
		"node_modules/bidi-js": {
			"version": "1.0.3",
			"resolved": "https://registry.npmjs.org/bidi-js/-/bidi-js-1.0.3.tgz",
			"integrity": "sha512-RKshQI1R3YQ+n9YJz2QQ147P66ELpa1FQEg20Dk8oW9t2KgLbpDLLp9aGZ7y8WHSshDknG0bknqGw5/tyCs5tw==",
			"dependencies": {
				"require-from-string": "^2.0.2"
			}
		},
		"node_modules/fast-deep-equal": {
			"version": "3.1.3",
			"resolved": "https://registry.npmjs.org/fast-deep-equal/-/fast-deep-equal-3.1.3.tgz",
			"integrity": "sha512-f3qQ9oQy9j2AhBe/H9VC91wLmKBCCU/gDOnKNAYG5hswO7BLKj09Hc5HYNz9cGI++xlpDCIgDaitVs03ATR84Q==",
			"license": "MIT"
		},
		"node_modules/fast-json-stable-stringify": {
			"version": "2.1.0",
			"resolved": "https://registry.npmjs.org/fast-json-stable-stringify/-/fast-json-stable-stringify-2.1.0.tgz",
			"integrity": "sha512-lhd/wF+Lk98HZoTCtlVraHtfh5XYijIjalXck7saUtuanSDyLMxnHhSXEDJqHxD7msR8D0uCmqlkwjCV8xvwHw==",
			"license": "MIT"
		},
		"node_modules/fflate": {
			"version": "0.8.2",
			"resolved": "https://registry.npmjs.org/fflate/-/fflate-0.8.2.tgz",
			"integrity": "sha512-cPJU47OaAoCbg0pBvzsgpTPhmhqI5eJjh/JIu8tPj5q+T7iLvW/JAYUqmE7KOB4R1ZyEhzBaIQpQpardBF5z8A==",
			"dev": true
		},
		"node_modules/inherits": {
			"version": "2.0.4",
			"resolved": "https://registry.npmjs.org/inherits/-/inherits-2.0.4.tgz",
			"integrity": "sha512-k/vGaX4/Yla3WzyMCvTQOXYeIHvqOKtnqBduzTHpzpQZzAskKMhZ2K+EnBiSM9zGSoIFeMpXKxa4dYeZIQqewQ==",
			"license": "ISC"
		},
		"node_modules/json-schema-traverse": {
			"version": "0.4.1",
			"resolved": "https://registry.npmjs.org/json-schema-traverse/-/json-schema-traverse-0.4.1.tgz",
			"integrity": "sha512-xbbCH5dCYU5T8LcEhhuh7HJ88HXuW3qsI3Y0zOZFKfZEHcpWiHU/Jxzk629Brsab/mMiHQti9wMP+845RPe3Vg==",
			"license": "MIT"
		},
		"node_modules/lodash.get": {
			"version": "4.4.2",
			"resolved": "https://registry.npmjs.org/lodash.get/-/lodash.get-4.4.2.tgz",
			"integrity": "sha512-z+Uw/vLuy6gQe8cfaFWD7p0wVv8fJl3mbzXh33RS+0oW2wvUqiRXiQ69gLWSLpgB5/6sU+r6BlQR0MBILadqTQ==",
			"license": "MIT"
		},
		"node_modules/lodash.reduce": {
			"version": "4.6.0",
			"resolved": "https://registry.npmjs.org/lodash.reduce/-/lodash.reduce-4.6.0.tgz",
			"integrity": "sha512-6raRe2vxCYBhpBu+B+TtNGUzah+hQjVdu3E17wfusjyrXBka2nBS8OH/gjVZ5PvHOhWmIZTYri09Z6n/QfnNMw==",
			"license": "MIT"
		},
		"node_modules/meshoptimizer": {
			"version": "0.18.1",
			"resolved": "https://registry.npmjs.org/meshoptimizer/-/meshoptimizer-0.18.1.tgz",
			"integrity": "sha512-ZhoIoL7TNV4s5B6+rx5mC//fw8/POGyNxS/DZyCJeiZ12ScLfVwRE/GfsxwiTkMYYD5DmK2/JXnEVXqL4rF+Sw==",
			"dev": true
		},
		"node_modules/prettier": {
			"version": "3.3.1",
			"resolved": "https://registry.npmjs.org/prettier/-/prettier-3.3.1.tgz",
			"integrity": "sha512-7CAwy5dRsxs8PHXT3twixW9/OEll8MLE0VRPCJyl7CkS6VHGPSlsVaWTiASPTyGyYRyApxlaWTzwUxVNrhcwDg==",
			"dev": true,
			"bin": {
				"prettier": "bin/prettier.cjs"
			},
			"engines": {
				"node": ">=14"
			},
			"funding": {
				"url": "https://github.com/prettier/prettier?sponsor=1"
			}
		},
		"node_modules/prismarine-nbt": {
			"version": "2.5.0",
			"resolved": "https://registry.npmjs.org/prismarine-nbt/-/prismarine-nbt-2.5.0.tgz",
			"integrity": "sha512-F0/8UAa9SDDnAGrBYqZc4nG8h2zj5cE2eAJU5xlDR/IsQQ3moVxkOjE3h3nMv6SbvZrvAcgX7waA/nd9LLHYdA==",
			"license": "MIT",
			"dependencies": {
				"protodef": "^1.9.0"
			}
		},
		"node_modules/protodef": {
			"version": "1.15.0",
			"resolved": "https://registry.npmjs.org/protodef/-/protodef-1.15.0.tgz",
			"integrity": "sha512-bZ2Omw8dT+DACjJHLrBWZlqN4MlT9g9oSpJDdkUAJOStUzgJp+Zn42FJfPUdwutUxjaxA0PftN0PDlNa2XbneA==",
			"license": "MIT",
			"dependencies": {
				"lodash.get": "^4.4.2",
				"lodash.reduce": "^4.6.0",
				"protodef-validator": "^1.3.0",
				"readable-stream": "^3.0.3"
			},
			"engines": {
				"node": ">=14"
			}
		},
		"node_modules/protodef-validator": {
			"version": "1.3.1",
			"resolved": "https://registry.npmjs.org/protodef-validator/-/protodef-validator-1.3.1.tgz",
			"integrity": "sha512-lZ5FWKZYR9xOjpMw1+EfZRfCjzNRQWPq+Dk+jki47Sikl2EeWEPnTfnJERwnU/EwFq6us+0zqHHzSsmLeYX+Lg==",
			"license": "MIT",
			"dependencies": {
				"ajv": "^6.5.4"
			},
			"bin": {
				"protodef-validator": "cli.js"
			}
		},
		"node_modules/punycode": {
			"version": "2.3.1",
			"resolved": "https://registry.npmjs.org/punycode/-/punycode-2.3.1.tgz",
			"integrity": "sha512-vYt7UD1U9Wg6138shLtLOvdAu+8DsC/ilFtEVHcH+wydcSpNE20AfSOduf6MkRFahL5FY7X1oU7nKVZFtfq8Fg==",
			"license": "MIT",
			"engines": {
				"node": ">=6"
			}
		},
		"node_modules/readable-stream": {
			"version": "3.6.2",
			"resolved": "https://registry.npmjs.org/readable-stream/-/readable-stream-3.6.2.tgz",
			"integrity": "sha512-9u/sniCrY3D5WdsERHzHE4G2YCXqoG5FTHUiCC4SIbr6XcLZBY05ya9EKjYek9O5xOAwjGq+1JdGBAS7Q9ScoA==",
			"license": "MIT",
			"dependencies": {
				"inherits": "^2.0.3",
				"string_decoder": "^1.1.1",
				"util-deprecate": "^1.0.1"
			},
			"engines": {
				"node": ">= 6"
			}
		},
		"node_modules/require-from-string": {
			"version": "2.0.2",
			"resolved": "https://registry.npmjs.org/require-from-string/-/require-from-string-2.0.2.tgz",
			"integrity": "sha512-Xf0nWe6RseziFMu+Ap9biiUbmplq6S9/p+7w7YXP/JBHhrUDDUhwa+vANyubuqfZWTveU//DYVGsDG7RKL/vEw==",
			"engines": {
				"node": ">=0.10.0"
			}
		},
		"node_modules/safe-buffer": {
			"version": "5.2.1",
			"resolved": "https://registry.npmjs.org/safe-buffer/-/safe-buffer-5.2.1.tgz",
			"integrity": "sha512-rp3So07KcdmmKbGvgaNxQSJr7bGVSVk5S9Eq1F+ppbRo70+YeaDxkw5Dd8NPN+GD6bjnYm2VuPuCXmpuYvmCXQ==",
			"funding": [
				{
					"type": "github",
					"url": "https://github.com/sponsors/feross"
				},
				{
					"type": "patreon",
					"url": "https://www.patreon.com/feross"
				},
				{
					"type": "consulting",
					"url": "https://feross.org/support"
				}
			],
			"license": "MIT"
		},
		"node_modules/string_decoder": {
			"version": "1.3.0",
			"resolved": "https://registry.npmjs.org/string_decoder/-/string_decoder-1.3.0.tgz",
			"integrity": "sha512-hkRX8U1WjJFd8LsDJ2yQ/wWWxaopEsABU1XfkM8A+j0+85JAGppt16cr1Whg6KIbb4okU6Mql6BOj+uup/wKeA==",
			"license": "MIT",
			"dependencies": {
				"safe-buffer": "~5.2.0"
			}
		},
		"node_modules/three": {
			"version": "0.165.0",
			"resolved": "https://registry.npmjs.org/three/-/three-0.165.0.tgz",
			"integrity": "sha512-cc96IlVYGydeceu0e5xq70H8/yoVT/tXBxV/W8A/U6uOq7DXc4/s1Mkmnu6SqoYGhSRWWYFOhVwvq6V0VtbplA=="
		},
		"node_modules/troika-three-text": {
			"version": "0.49.1",
			"resolved": "https://registry.npmjs.org/troika-three-text/-/troika-three-text-0.49.1.tgz",
			"integrity": "sha512-lXGWxgjJP9kw4i4Wh+0k0Q/7cRfS6iOME4knKht/KozPu9GcFA9NnNpRvehIhrUawq9B0ZRw+0oiFHgRO+4Wig==",
			"dependencies": {
				"bidi-js": "^1.0.2",
				"troika-three-utils": "^0.49.0",
				"troika-worker-utils": "^0.49.0",
				"webgl-sdf-generator": "1.1.1"
			},
			"peerDependencies": {
				"three": ">=0.125.0"
			}
		},
		"node_modules/troika-three-utils": {
			"version": "0.49.0",
			"resolved": "https://registry.npmjs.org/troika-three-utils/-/troika-three-utils-0.49.0.tgz",
			"integrity": "sha512-umitFL4cT+Fm/uONmaQEq4oZlyRHWwVClaS6ZrdcueRvwc2w+cpNQ47LlJKJswpqtMFWbEhOLy0TekmcPZOdYA==",
			"peerDependencies": {
				"three": ">=0.125.0"
			}
		},
		"node_modules/troika-worker-utils": {
			"version": "0.49.0",
			"resolved": "https://registry.npmjs.org/troika-worker-utils/-/troika-worker-utils-0.49.0.tgz",
			"integrity": "sha512-1xZHoJrG0HFfCvT/iyN41DvI/nRykiBtHqFkGaGgJwq5iXfIZFBiPPEHFpPpgyKM3Oo5ITHXP5wM2TNQszYdVg=="
		},
		"node_modules/typescript": {
			"version": "5.4.5",
			"resolved": "https://registry.npmjs.org/typescript/-/typescript-5.4.5.tgz",
			"integrity": "sha512-vcI4UpRgg81oIRUFwR0WSIHKt11nJ7SAVlYNIu+QpqeyXP+gpQJy/Z4+F0aGxSE4MqwjyXvW/TzgkLAx2AGHwQ==",
			"dev": true,
			"bin": {
				"tsc": "bin/tsc",
				"tsserver": "bin/tsserver"
			},
			"engines": {
				"node": ">=14.17"
			}
		},
		"node_modules/undici-types": {
			"version": "6.19.8",
			"resolved": "https://registry.npmjs.org/undici-types/-/undici-types-6.19.8.tgz",
			"integrity": "sha512-ve2KP6f/JnbPBFyobGHuerC9g1FYGn/F8n1LWTwNxCEzd6IfqTwUQcNXgEtmmQ6DlRrC1hrSrBnCZPokRrDHjw==",
			"dev": true,
			"license": "MIT"
		},
		"node_modules/uri-js": {
			"version": "4.4.1",
			"resolved": "https://registry.npmjs.org/uri-js/-/uri-js-4.4.1.tgz",
			"integrity": "sha512-7rKUyy33Q1yc98pQ1DAmLtwX109F7TIfWlW1Ydo8Wl1ii1SeHieeh0HHfPeL2fMXK6z0s8ecKs9frCuLJvndBg==",
			"license": "BSD-2-Clause",
			"dependencies": {
				"punycode": "^2.1.0"
			}
		},
		"node_modules/util-deprecate": {
			"version": "1.0.2",
			"resolved": "https://registry.npmjs.org/util-deprecate/-/util-deprecate-1.0.2.tgz",
			"integrity": "sha512-EPD5q1uXyFxJpCrLnCc1nHnq3gOa6DZBocAIiI2TaSCA7VCJ1UJDMagCzIkXNsUYfD1daK//LTEQ8xiIbrHtcw==",
			"license": "MIT"
		},
		"node_modules/webgl-sdf-generator": {
			"version": "1.1.1",
			"resolved": "https://registry.npmjs.org/webgl-sdf-generator/-/webgl-sdf-generator-1.1.1.tgz",
			"integrity": "sha512-9Z0JcMTFxeE+b2x1LJTdnaT8rT8aEp7MVxkNwoycNmJWwPdzoXzMh0BjJSh/AEFP+KPYZUli814h8bJZFIZ2jA=="
		}
	}
}
